
Microsoft Visual Studio Solution File, Format Version 12.00
# Visual Studio Version 16
VisualStudioVersion = 16.0.31005.135
MinimumVisualStudioVersion = 10.0.40219.1
Project("{FAE04EC0-301F-11D3-BF4B-00C04F79EFBC}") = "WATERLINE.Entities", "WATERLINE.Entities\WATERLINE.Entities.csproj", "{4760BD4B-2226-4368-9A30-5B643D85EA3B}"
EndProject
Project("{2150E333-8FDC-42A3-9474-1A3956D46DE8}") = "Client", "Client", "{AC56A0AA-E8B3-4638-9889-466A5E8F4B15}"
EndProject
Project("{FAE04EC0-301F-11D3-BF4B-00C04F79EFBC}") = "WATERLINE.Public", "WATERLINE.Public\WATERLINE.Public.csproj", "{4DF91A9E-77A3-4767-A2C6-FFE685D81F16}"
EndProject
Project("{FAE04EC0-301F-11D3-BF4B-00C04F79EFBC}") = "WATERLINE.Portal", "WATERLINE.Portal\WATERLINE.Portal.csproj", "{E5FE54D7-7705-4298-8B31-0B0B32D28F76}"
EndProject
Project("{FAE04EC0-301F-11D3-BF4B-00C04F79EFBC}") = "WATERLINE.DataAccess", "WATERLINE.DataAccess\WATERLINE.DataAccess.csproj", "{179BCD59-39FB-4C4F-912F-843C528179A3}"
EndProject
Project("{FAE04EC0-301F-11D3-BF4B-00C04F79EFBC}") = "WATERLINE.Context", "WATERLINE.Context\WATERLINE.Context.csproj", "{FBBF56B6-3A76-4A83-B30A-CAD548F92396}"
EndProject
Project("{FAE04EC0-301F-11D3-BF4B-00C04F79EFBC}") = "WATERLINE.Settings", "WATERLINE.Settings\WATERLINE.Settings.csproj", "{01CAA954-8204-4359-B575-B9010561C870}"
EndProject
Project("{FAE04EC0-301F-11D3-BF4B-00C04F79EFBC}") = "WATERLINE.Services", "WATERLINE.Services\WATERLINE.Services.csproj", "{5939F6D5-46D5-4400-BD39-670325997197}"
EndProject
Project("{FAE04EC0-301F-11D3-BF4B-00C04F79EFBC}") = "WATERLINE.Helpers", "WATERLINE.Helpers\WATERLINE.Helpers.csproj", "{323D84B0-2ADE-4CBF-9DC8-563682252978}"
EndProject
Global
	GlobalSection(SolutionConfigurationPlatforms) = preSolution
		Debug|Any CPU = Debug|Any CPU
		Release|Any CPU = Release|Any CPU
	EndGlobalSection
	GlobalSection(ProjectConfigurationPlatforms) = postSolution
		{4760BD4B-2226-4368-9A30-5B643D85EA3B}.Debug|Any CPU.ActiveCfg = Debug|Any CPU
		{4760BD4B-2226-4368-9A30-5B643D85EA3B}.Debug|Any CPU.Build.0 = Debug|Any CPU
		{4760BD4B-2226-4368-9A30-5B643D85EA3B}.Release|Any CPU.ActiveCfg = Release|Any CPU
		{4760BD4B-2226-4368-9A30-5B643D85EA3B}.Release|Any CPU.Build.0 = Release|Any CPU
		{4DF91A9E-77A3-4767-A2C6-FFE685D81F16}.Debug|Any CPU.ActiveCfg = Debug|Any CPU
		{4DF91A9E-77A3-4767-A2C6-FFE685D81F16}.Debug|Any CPU.Build.0 = Debug|Any CPU
		{4DF91A9E-77A3-4767-A2C6-FFE685D81F16}.Release|Any CPU.ActiveCfg = Release|Any CPU
		{4DF91A9E-77A3-4767-A2C6-FFE685D81F16}.Release|Any CPU.Build.0 = Release|Any CPU
		{E5FE54D7-7705-4298-8B31-0B0B32D28F76}.Debug|Any CPU.ActiveCfg = Debug|Any CPU
		{E5FE54D7-7705-4298-8B31-0B0B32D28F76}.Debug|Any CPU.Build.0 = Debug|Any CPU
		{E5FE54D7-7705-4298-8B31-0B0B32D28F76}.Release|Any CPU.ActiveCfg = Release|Any CPU
		{E5FE54D7-7705-4298-8B31-0B0B32D28F76}.Release|Any CPU.Build.0 = Release|Any CPU
		{179BCD59-39FB-4C4F-912F-843C528179A3}.Debug|Any CPU.ActiveCfg = Debug|Any CPU
		{179BCD59-39FB-4C4F-912F-843C528179A3}.Debug|Any CPU.Build.0 = Debug|Any CPU
		{179BCD59-39FB-4C4F-912F-843C528179A3}.Release|Any CPU.ActiveCfg = Release|Any CPU
		{179BCD59-39FB-4C4F-912F-843C528179A3}.Release|Any CPU.Build.0 = Release|Any CPU
		{FBBF56B6-3A76-4A83-B30A-CAD548F92396}.Debug|Any CPU.ActiveCfg = Debug|Any CPU
		{FBBF56B6-3A76-4A83-B30A-CAD548F92396}.Debug|Any CPU.Build.0 = Debug|Any CPU
		{FBBF56B6-3A76-4A83-B30A-CAD548F92396}.Release|Any CPU.ActiveCfg = Release|Any CPU
		{FBBF56B6-3A76-4A83-B30A-CAD548F92396}.Release|Any CPU.Build.0 = Release|Any CPU
		{01CAA954-8204-4359-B575-B9010561C870}.Debug|Any CPU.ActiveCfg = Debug|Any CPU
		{01CAA954-8204-4359-B575-B9010561C870}.Debug|Any CPU.Build.0 = Debug|Any CPU
		{01CAA954-8204-4359-B575-B9010561C870}.Release|Any CPU.ActiveCfg = Release|Any CPU
		{01CAA954-8204-4359-B575-B9010561C870}.Release|Any CPU.Build.0 = Release|Any CPU
		{5939F6D5-46D5-4400-BD39-670325997197}.Debug|Any CPU.ActiveCfg = Debug|Any CPU
		{5939F6D5-46D5-4400-BD39-670325997197}.Debug|Any CPU.Build.0 = Debug|Any CPU
		{5939F6D5-46D5-4400-BD39-670325997197}.Release|Any CPU.ActiveCfg = Release|Any CPU
		{5939F6D5-46D5-4400-BD39-670325997197}.Release|Any CPU.Build.0 = Release|Any CPU
		{323D84B0-2ADE-4CBF-9DC8-563682252978}.Debug|Any CPU.ActiveCfg = Debug|Any CPU
		{323D84B0-2ADE-4CBF-9DC8-563682252978}.Debug|Any CPU.Build.0 = Debug|Any CPU
		{323D84B0-2ADE-4CBF-9DC8-563682252978}.Release|Any CPU.ActiveCfg = Release|Any CPU
		{323D84B0-2ADE-4CBF-9DC8-563682252978}.Release|Any CPU.Build.0 = Release|Any CPU
	EndGlobalSection
	GlobalSection(SolutionProperties) = preSolution
		HideSolutionNode = FALSE
	EndGlobalSection
	GlobalSection(NestedProjects) = preSolution
		{4DF91A9E-77A3-4767-A2C6-FFE685D81F16} = {AC56A0AA-E8B3-4638-9889-466A5E8F4B15}
		{E5FE54D7-7705-4298-8B31-0B0B32D28F76} = {AC56A0AA-E8B3-4638-9889-466A5E8F4B15}
	EndGlobalSection
	GlobalSection(ExtensibilityGlobals) = postSolution
		SolutionGuid = {575A8E01-0FDB-4B61-B207-49AE78E0E2F6}
	EndGlobalSection
EndGlobal
